
Microsoft Visual Studio Solution File, Format Version 12.00
# Visual Studio 14
VisualStudioVersion = 14.0.23107.0
MinimumVisualStudioVersion = 10.0.40219.1
Project("{FAE04EC0-301F-11D3-BF4B-00C04F79EFBC}") = "Web", "Web\Web.csproj", "{045D1AFD-573F-4B9A-B828-413DB93EE0B3}"
EndProject
Project("{FAE04EC0-301F-11D3-BF4B-00C04F79EFBC}") = "Dominio", "Dominio\Dominio.csproj", "{0D054753-7048-4E6E-9D68-DAD9ADFB5AF9}"
EndProject
Project("{FAE04EC0-301F-11D3-BF4B-00C04F79EFBC}") = "ConsoleApp", "ConsoleApp\ConsoleApp.csproj", "{DAC86D45-FF2E-467A-B7C8-5C2B99230C99}"
EndProject
Global
	GlobalSection(SolutionConfigurationPlatforms) = preSolution
		Debug|Any CPU = Debug|Any CPU
		Release|Any CPU = Release|Any CPU
	EndGlobalSection
	GlobalSection(ProjectConfigurationPlatforms) = postSolution
		{045D1AFD-573F-4B9A-B828-413DB93EE0B3}.Debug|Any CPU.ActiveCfg = Debug|Any CPU
		{045D1AFD-573F-4B9A-B828-413DB93EE0B3}.Debug|Any CPU.Build.0 = Debug|Any CPU
		{045D1AFD-573F-4B9A-B828-413DB93EE0B3}.Release|Any CPU.ActiveCfg = Release|Any CPU
		{045D1AFD-573F-4B9A-B828-413DB93EE0B3}.Release|Any CPU.Build.0 = Release|Any CPU
		{0D054753-7048-4E6E-9D68-DAD9ADFB5AF9}.Debug|Any CPU.ActiveCfg = Debug|Any CPU
		{0D054753-7048-4E6E-9D68-DAD9ADFB5AF9}.Debug|Any CPU.Build.0 = Debug|Any CPU
		{0D054753-7048-4E6E-9D68-DAD9ADFB5AF9}.Release|Any CPU.ActiveCfg = Release|Any CPU
		{0D054753-7048-4E6E-9D68-DAD9ADFB5AF9}.Release|Any CPU.Build.0 = Release|Any CPU
		{DAC86D45-FF2E-467A-B7C8-5C2B99230C99}.Debug|Any CPU.ActiveCfg = Debug|Any CPU
		{DAC86D45-FF2E-467A-B7C8-5C2B99230C99}.Debug|Any CPU.Build.0 = Debug|Any CPU
		{DAC86D45-FF2E-467A-B7C8-5C2B99230C99}.Release|Any CPU.ActiveCfg = Release|Any CPU
		{DAC86D45-FF2E-467A-B7C8-5C2B99230C99}.Release|Any CPU.Build.0 = Release|Any CPU
	EndGlobalSection
	GlobalSection(SolutionProperties) = preSolution
		HideSolutionNode = FALSE
	EndGlobalSection
EndGlobal
